
Microsoft Visual Studio Solution File, Format Version 12.00
# Visual Studio Version 17
VisualStudioVersion = 17.3.32804.467
MinimumVisualStudioVersion = 10.0.40219.1
Project("{FAE04EC0-301F-11D3-BF4B-00C04F79EFBC}") = "StringCalculator.Domain", "StringCalculator.Domain\StringCalculator.Domain.csproj", "{4078B766-0C84-4B82-A9B9-FD3F60155560}"
EndProject
Project("{FAE04EC0-301F-11D3-BF4B-00C04F79EFBC}") = "StringCalculatorUnitTests", "StringCalculatorUnitTests\StringCalculatorUnitTests.csproj", "{C5A07236-5CD3-42C8-BEDF-E8DFEB5B5200}"
EndProject
Global
	GlobalSection(SolutionConfigurationPlatforms) = preSolution
		Debug|Any CPU = Debug|Any CPU
		Release|Any CPU = Release|Any CPU
	EndGlobalSection
	GlobalSection(ProjectConfigurationPlatforms) = postSolution
		{4078B766-0C84-4B82-A9B9-FD3F60155560}.Debug|Any CPU.ActiveCfg = Debug|Any CPU
		{4078B766-0C84-4B82-A9B9-FD3F60155560}.Debug|Any CPU.Build.0 = Debug|Any CPU
		{4078B766-0C84-4B82-A9B9-FD3F60155560}.Release|Any CPU.ActiveCfg = Release|Any CPU
		{4078B766-0C84-4B82-A9B9-FD3F60155560}.Release|Any CPU.Build.0 = Release|Any CPU
		{C5A07236-5CD3-42C8-BEDF-E8DFEB5B5200}.Debug|Any CPU.ActiveCfg = Debug|Any CPU
		{C5A07236-5CD3-42C8-BEDF-E8DFEB5B5200}.Debug|Any CPU.Build.0 = Debug|Any CPU
		{C5A07236-5CD3-42C8-BEDF-E8DFEB5B5200}.Release|Any CPU.ActiveCfg = Release|Any CPU
		{C5A07236-5CD3-42C8-BEDF-E8DFEB5B5200}.Release|Any CPU.Build.0 = Release|Any CPU
	EndGlobalSection
	GlobalSection(SolutionProperties) = preSolution
		HideSolutionNode = FALSE
	EndGlobalSection
	GlobalSection(ExtensibilityGlobals) = postSolution
		SolutionGuid = {78FB04EB-C58E-42D6-A500-061ED2BDAA34}
	EndGlobalSection
EndGlobal
